
Microsoft Visual Studio Solution File, Format Version 12.00
# Visual Studio Version 16
VisualStudioVersion = 16.0.33130.400
MinimumVisualStudioVersion = 10.0.40219.1
Project("{9A19103F-16F7-4668-BE54-9A1E7A4F7556}") = "solution_and_tests", "solution_and_tests\solution_and_tests.csproj", "{3BA2338B-7FD9-454C-ABEE-1082E619EDBD}"
EndProject
Global
	GlobalSection(SolutionConfigurationPlatforms) = preSolution
		Debug|Any CPU = Debug|Any CPU
		Release|Any CPU = Release|Any CPU
	EndGlobalSection
	GlobalSection(ProjectConfigurationPlatforms) = postSolution
		{3BA2338B-7FD9-454C-ABEE-1082E619EDBD}.Debug|Any CPU.ActiveCfg = Debug|Any CPU
		{3BA2338B-7FD9-454C-ABEE-1082E619EDBD}.Debug|Any CPU.Build.0 = Debug|Any CPU
		{3BA2338B-7FD9-454C-ABEE-1082E619EDBD}.Release|Any CPU.ActiveCfg = Release|Any CPU
		{3BA2338B-7FD9-454C-ABEE-1082E619EDBD}.Release|Any CPU.Build.0 = Release|Any CPU
	EndGlobalSection
	GlobalSection(SolutionProperties) = preSolution
		HideSolutionNode = FALSE
	EndGlobalSection
	GlobalSection(ExtensibilityGlobals) = postSolution
		SolutionGuid = {5F3BE2CD-3180-4D6F-9FED-87F4872D2147}
	EndGlobalSection
EndGlobal
